
Microsoft Visual Studio Solution File, Format Version 12.00
# Visual Studio Version 16
VisualStudioVersion = 16.0.32929.386
MinimumVisualStudioVersion = 10.0.40219.1
Project("{2150E333-8FDC-42A3-9474-1A3956D46DE8}") = "Task0", "Task0", "{4A2FFEE8-C48A-42FF-8B0F-EB483255AC11}"
EndProject
Project("{FAE04EC0-301F-11D3-BF4B-00C04F79EFBC}") = "Tyuiu.NosovaVD.Sprint4.Task0.V8", "Tyuiu.NosovaVD.Sprint4.Task0.V8\Tyuiu.NosovaVD.Sprint4.Task0.V8.csproj", "{05B4725F-9B4F-4B28-9241-99559E0FD2F8}"
EndProject
Project("{FAE04EC0-301F-11D3-BF4B-00C04F79EFBC}") = "Tyuiu.NosovaVD.Sprint4.Task0.V8.Lib", "Tyuiu.NosovaVD.Sprint4.Task0.V8.Lib\Tyuiu.NosovaVD.Sprint4.Task0.V8.Lib.csproj", "{E09D8B1C-7F56-44F6-9413-DCFDD0B38BBC}"
EndProject
Project("{FAE04EC0-301F-11D3-BF4B-00C04F79EFBC}") = "Tyuiu.NosovaVD.Sprint4.Task0.V8.Test", "Tyuiu.NosovaVD.Sprint4.Task0.V8.Test\Tyuiu.NosovaVD.Sprint4.Task0.V8.Test.csproj", "{A6C6B39B-EDA6-4A01-A25F-AEC199E00963}"
EndProject
Project("{2150E333-8FDC-42A3-9474-1A3956D46DE8}") = "Task1", "Task1", "{3D6C0823-B5DE-48D3-8FF5-EDB97B7511EB}"
EndProject
Project("{FAE04EC0-301F-11D3-BF4B-00C04F79EFBC}") = "Tyuiu.NosovaVD.Sprint4.Task1.V5", "Tyuiu.NosovaVD.Sprint4.Task1.V5\Tyuiu.NosovaVD.Sprint4.Task1.V5.csproj", "{0C84B694-1A96-4A09-BDC5-EFD90E761E2F}"
EndProject
Project("{FAE04EC0-301F-11D3-BF4B-00C04F79EFBC}") = "Tyuiu.NosovaVD.Sprint4.Task1.V5.Lib", "Tyuiu.NosovaVD.Sprint4.Task1.V5.Lib\Tyuiu.NosovaVD.Sprint4.Task1.V5.Lib.csproj", "{81F2A4A7-62FB-46F4-A9E6-8785A2F34BDE}"
EndProject
Project("{FAE04EC0-301F-11D3-BF4B-00C04F79EFBC}") = "Tyuiu.NosovaVD.Sprint4.Task1.V5.Test", "Tyuiu.NosovaVD.Sprint4.Task1.V5.Test\Tyuiu.NosovaVD.Sprint4.Task1.V5.Test.csproj", "{188406CC-6B71-47A5-9D91-C2958E2470AC}"
EndProject
Project("{2150E333-8FDC-42A3-9474-1A3956D46DE8}") = "Task2", "Task2", "{76B86A1C-141A-4CF4-836B-6773ACF9D9D0}"
EndProject
Project("{FAE04EC0-301F-11D3-BF4B-00C04F79EFBC}") = "Tyuiu.NosovaVD.Sprint4.Task2.V20", "Tyuiu.NosovaVD.Sprint4.Task2.V20\Tyuiu.NosovaVD.Sprint4.Task2.V20.csproj", "{513B2E54-A0EE-4E46-99A1-EBDA2CD7A102}"
EndProject
Project("{FAE04EC0-301F-11D3-BF4B-00C04F79EFBC}") = "Tyuiu.NosovaVD.Sprint4.Task2.V20.Lib", "Tyuiu.NosovaVD.Sprint4.Task2.V20.Lib\Tyuiu.NosovaVD.Sprint4.Task2.V20.Lib.csproj", "{CA78BF67-AB75-4C03-8954-A047BF5837E1}"
EndProject
Project("{FAE04EC0-301F-11D3-BF4B-00C04F79EFBC}") = "Tyuiu.NosovaVD.Sprint4.Task2.V20.Test", "Tyuiu.NosovaVD.Sprint4.Task2.V20.Test\Tyuiu.NosovaVD.Sprint4.Task2.V20.Test.csproj", "{91DCDA7F-8EBA-4B21-A9E4-E419CCAE7952}"
EndProject
Project("{2150E333-8FDC-42A3-9474-1A3956D46DE8}") = "Task3", "Task3", "{558663F5-672E-4479-ACDF-4E48653C582F}"
EndProject
Project("{FAE04EC0-301F-11D3-BF4B-00C04F79EFBC}") = "Tyuiu.NosovaVD.Sprint4.Task3.V1", "Tyuiu.NosovaVD.Sprint4.Task3.V1\Tyuiu.NosovaVD.Sprint4.Task3.V1.csproj", "{8FA08FC2-4CFE-4C25-AD62-E8BD8F269DD9}"
EndProject
Project("{FAE04EC0-301F-11D3-BF4B-00C04F79EFBC}") = "Tyuiu.NosovaVD.Sprint4.Task3.V1.Lib", "Tyuiu.NosovaVD.Sprint4.Task3.V1.Lib\Tyuiu.NosovaVD.Sprint4.Task3.V1.Lib.csproj", "{DAB5961C-256D-44E7-AAAC-5BC4A49811F9}"
EndProject
Project("{FAE04EC0-301F-11D3-BF4B-00C04F79EFBC}") = "Tyuiu.NosovaVD.Sprint4.Task3.V1.Test", "Tyuiu.NosovaVD.Sprint4.Task3.V1.Test\Tyuiu.NosovaVD.Sprint4.Task3.V1.Test.csproj", "{BFF295C8-F457-4EC1-BE2A-2CDB9FC6F45D}"
EndProject
Project("{2150E333-8FDC-42A3-9474-1A3956D46DE8}") = "Task4", "Task4", "{9D432E5F-AC36-4C49-B72B-A2E5A38A0269}"
EndProject
Project("{FAE04EC0-301F-11D3-BF4B-00C04F79EFBC}") = "Tyuiu.NosovaVD.Sprint4.Task4.V7", "Tyuiu.NosovaVD.Sprint4.Task4.V7\Tyuiu.NosovaVD.Sprint4.Task4.V7.csproj", "{5402A79D-432E-4274-A3CB-175B998A6A95}"
EndProject
Project("{FAE04EC0-301F-11D3-BF4B-00C04F79EFBC}") = "Tyuiu.NosovaVD.Sprint4.Task4.V7.Lib", "Tyuiu.NosovaVD.Sprint4.Task4.V7.Lib\Tyuiu.NosovaVD.Sprint4.Task4.V7.Lib.csproj", "{75BCA837-8493-423E-81F4-54BFCC12711D}"
EndProject
Project("{FAE04EC0-301F-11D3-BF4B-00C04F79EFBC}") = "Tyuiu.NosovaVD.Sprint4.Task4.V7.Test", "Tyuiu.NosovaVD.Sprint4.Task4.V7.Test\Tyuiu.NosovaVD.Sprint4.Task4.V7.Test.csproj", "{8F248C56-8139-4F3E-9BC4-BFB0BD0730FA}"
EndProject
Project("{2150E333-8FDC-42A3-9474-1A3956D46DE8}") = "Task5", "Task5", "{80452CF0-ACAA-4EEA-9046-F13FA76B05A1}"
EndProject
Project("{FAE04EC0-301F-11D3-BF4B-00C04F79EFBC}") = "Tyuiu.NosovaVD.Sprint4.Task5.V22", "Tyuiu.NosovaVD.Sprint4.Task5.V22\Tyuiu.NosovaVD.Sprint4.Task5.V22.csproj", "{2DC62596-FFD1-4FEA-B9F6-F1C57C16E2CF}"
EndProject
Project("{FAE04EC0-301F-11D3-BF4B-00C04F79EFBC}") = "Tyuiu.NosovaVD.Sprint4.Task5.V22.Lib", "Tyuiu.NosovaVD.Sprint4.Task5.V22.Lib\Tyuiu.NosovaVD.Sprint4.Task5.V22.Lib.csproj", "{1210F23E-4CC5-46E6-8D9E-B67ED0B3FEBE}"
EndProject
Project("{FAE04EC0-301F-11D3-BF4B-00C04F79EFBC}") = "Tyuiu.NosovaVD.Sprint4.Task5.V22.Test", "Tyuiu.NosovaVD.Sprint4.Task5.V22.Test\Tyuiu.NosovaVD.Sprint4.Task5.V22.Test.csproj", "{68C89C05-BDDF-4E64-AA22-4FB2A63BA68B}"
EndProject
Project("{2150E333-8FDC-42A3-9474-1A3956D46DE8}") = "Task6", "Task6", "{4B28F214-F1D2-43BD-B0F2-247878DD1AB1}"
EndProject
Project("{FAE04EC0-301F-11D3-BF4B-00C04F79EFBC}") = "Tyuiu.NosovaVD.Sprint4.Task6.V5", "Tyuiu.NosovaVD.Sprint4.Task6.V5\Tyuiu.NosovaVD.Sprint4.Task6.V5.csproj", "{5B210B3B-39D1-45EB-8E57-E5C8D1987F77}"
EndProject
Project("{FAE04EC0-301F-11D3-BF4B-00C04F79EFBC}") = "Tyuiu.NosovaVD.Sprint4.Task6.V5.Lib", "Tyuiu.NosovaVD.Sprint4.Task6.V5.Lib\Tyuiu.NosovaVD.Sprint4.Task6.V5.Lib.csproj", "{7D50C2B8-9F33-41D5-80D4-3D24D93BEE20}"
EndProject
Project("{FAE04EC0-301F-11D3-BF4B-00C04F79EFBC}") = "Tyuiu.NosovaVD.Sprint4.Task6.V5.Test", "Tyuiu.NosovaVD.Sprint4.Task6.V5.Test\Tyuiu.NosovaVD.Sprint4.Task6.V5.Test.csproj", "{CCEBCB88-BF54-4749-83B9-F1D7CC035663}"
EndProject
Global
	GlobalSection(SolutionConfigurationPlatforms) = preSolution
		Debug|Any CPU = Debug|Any CPU
		Release|Any CPU = Release|Any CPU
	EndGlobalSection
	GlobalSection(ProjectConfigurationPlatforms) = postSolution
		{05B4725F-9B4F-4B28-9241-99559E0FD2F8}.Debug|Any CPU.ActiveCfg = Debug|Any CPU
		{05B4725F-9B4F-4B28-9241-99559E0FD2F8}.Debug|Any CPU.Build.0 = Debug|Any CPU
		{05B4725F-9B4F-4B28-9241-99559E0FD2F8}.Release|Any CPU.ActiveCfg = Release|Any CPU
		{05B4725F-9B4F-4B28-9241-99559E0FD2F8}.Release|Any CPU.Build.0 = Release|Any CPU
		{E09D8B1C-7F56-44F6-9413-DCFDD0B38BBC}.Debug|Any CPU.ActiveCfg = Debug|Any CPU
		{E09D8B1C-7F56-44F6-9413-DCFDD0B38BBC}.Debug|Any CPU.Build.0 = Debug|Any CPU
		{E09D8B1C-7F56-44F6-9413-DCFDD0B38BBC}.Release|Any CPU.ActiveCfg = Release|Any CPU
		{E09D8B1C-7F56-44F6-9413-DCFDD0B38BBC}.Release|Any CPU.Build.0 = Release|Any CPU
		{A6C6B39B-EDA6-4A01-A25F-AEC199E00963}.Debug|Any CPU.ActiveCfg = Debug|Any CPU
		{A6C6B39B-EDA6-4A01-A25F-AEC199E00963}.Debug|Any CPU.Build.0 = Debug|Any CPU
		{A6C6B39B-EDA6-4A01-A25F-AEC199E00963}.Release|Any CPU.ActiveCfg = Release|Any CPU
		{A6C6B39B-EDA6-4A01-A25F-AEC199E00963}.Release|Any CPU.Build.0 = Release|Any CPU
		{0C84B694-1A96-4A09-BDC5-EFD90E761E2F}.Debug|Any CPU.ActiveCfg = Debug|Any CPU
		{0C84B694-1A96-4A09-BDC5-EFD90E761E2F}.Debug|Any CPU.Build.0 = Debug|Any CPU
		{0C84B694-1A96-4A09-BDC5-EFD90E761E2F}.Release|Any CPU.ActiveCfg = Release|Any CPU
		{0C84B694-1A96-4A09-BDC5-EFD90E761E2F}.Release|Any CPU.Build.0 = Release|Any CPU
		{81F2A4A7-62FB-46F4-A9E6-8785A2F34BDE}.Debug|Any CPU.ActiveCfg = Debug|Any CPU
		{81F2A4A7-62FB-46F4-A9E6-8785A2F34BDE}.Debug|Any CPU.Build.0 = Debug|Any CPU
		{81F2A4A7-62FB-46F4-A9E6-8785A2F34BDE}.Release|Any CPU.ActiveCfg = Release|Any CPU
		{81F2A4A7-62FB-46F4-A9E6-8785A2F34BDE}.Release|Any CPU.Build.0 = Release|Any CPU
		{188406CC-6B71-47A5-9D91-C2958E2470AC}.Debug|Any CPU.ActiveCfg = Debug|Any CPU
		{188406CC-6B71-47A5-9D91-C2958E2470AC}.Debug|Any CPU.Build.0 = Debug|Any CPU
		{188406CC-6B71-47A5-9D91-C2958E2470AC}.Release|Any CPU.ActiveCfg = Release|Any CPU
		{188406CC-6B71-47A5-9D91-C2958E2470AC}.Release|Any CPU.Build.0 = Release|Any CPU
		{513B2E54-A0EE-4E46-99A1-EBDA2CD7A102}.Debug|Any CPU.ActiveCfg = Debug|Any CPU
		{513B2E54-A0EE-4E46-99A1-EBDA2CD7A102}.Debug|Any CPU.Build.0 = Debug|Any CPU
		{513B2E54-A0EE-4E46-99A1-EBDA2CD7A102}.Release|Any CPU.ActiveCfg = Release|Any CPU
		{513B2E54-A0EE-4E46-99A1-EBDA2CD7A102}.Release|Any CPU.Build.0 = Release|Any CPU
		{CA78BF67-AB75-4C03-8954-A047BF5837E1}.Debug|Any CPU.ActiveCfg = Debug|Any CPU
		{CA78BF67-AB75-4C03-8954-A047BF5837E1}.Debug|Any CPU.Build.0 = Debug|Any CPU
		{CA78BF67-AB75-4C03-8954-A047BF5837E1}.Release|Any CPU.ActiveCfg = Release|Any CPU
		{CA78BF67-AB75-4C03-8954-A047BF5837E1}.Release|Any CPU.Build.0 = Release|Any CPU
		{91DCDA7F-8EBA-4B21-A9E4-E419CCAE7952}.Debug|Any CPU.ActiveCfg = Debug|Any CPU
		{91DCDA7F-8EBA-4B21-A9E4-E419CCAE7952}.Debug|Any CPU.Build.0 = Debug|Any CPU
		{91DCDA7F-8EBA-4B21-A9E4-E419CCAE7952}.Release|Any CPU.ActiveCfg = Release|Any CPU
		{91DCDA7F-8EBA-4B21-A9E4-E419CCAE7952}.Release|Any CPU.Build.0 = Release|Any CPU
		{8FA08FC2-4CFE-4C25-AD62-E8BD8F269DD9}.Debug|Any CPU.ActiveCfg = Debug|Any CPU
		{8FA08FC2-4CFE-4C25-AD62-E8BD8F269DD9}.Debug|Any CPU.Build.0 = Debug|Any CPU
		{8FA08FC2-4CFE-4C25-AD62-E8BD8F269DD9}.Release|Any CPU.ActiveCfg = Release|Any CPU
		{8FA08FC2-4CFE-4C25-AD62-E8BD8F269DD9}.Release|Any CPU.Build.0 = Release|Any CPU
		{DAB5961C-256D-44E7-AAAC-5BC4A49811F9}.Debug|Any CPU.ActiveCfg = Debug|Any CPU
		{DAB5961C-256D-44E7-AAAC-5BC4A49811F9}.Debug|Any CPU.Build.0 = Debug|Any CPU
		{DAB5961C-256D-44E7-AAAC-5BC4A49811F9}.Release|Any CPU.ActiveCfg = Release|Any CPU
		{DAB5961C-256D-44E7-AAAC-5BC4A49811F9}.Release|Any CPU.Build.0 = Release|Any CPU
		{BFF295C8-F457-4EC1-BE2A-2CDB9FC6F45D}.Debug|Any CPU.ActiveCfg = Debug|Any CPU
		{BFF295C8-F457-4EC1-BE2A-2CDB9FC6F45D}.Debug|Any CPU.Build.0 = Debug|Any CPU
		{BFF295C8-F457-4EC1-BE2A-2CDB9FC6F45D}.Release|Any CPU.ActiveCfg = Release|Any CPU
		{BFF295C8-F457-4EC1-BE2A-2CDB9FC6F45D}.Release|Any CPU.Build.0 = Release|Any CPU
		{5402A79D-432E-4274-A3CB-175B998A6A95}.Debug|Any CPU.ActiveCfg = Debug|Any CPU
		{5402A79D-432E-4274-A3CB-175B998A6A95}.Debug|Any CPU.Build.0 = Debug|Any CPU
		{5402A79D-432E-4274-A3CB-175B998A6A95}.Release|Any CPU.ActiveCfg = Release|Any CPU
		{5402A79D-432E-4274-A3CB-175B998A6A95}.Release|Any CPU.Build.0 = Release|Any CPU
		{75BCA837-8493-423E-81F4-54BFCC12711D}.Debug|Any CPU.ActiveCfg = Debug|Any CPU
		{75BCA837-8493-423E-81F4-54BFCC12711D}.Debug|Any CPU.Build.0 = Debug|Any CPU
		{75BCA837-8493-423E-81F4-54BFCC12711D}.Release|Any CPU.ActiveCfg = Release|Any CPU
		{75BCA837-8493-423E-81F4-54BFCC12711D}.Release|Any CPU.Build.0 = Release|Any CPU
		{8F248C56-8139-4F3E-9BC4-BFB0BD0730FA}.Debug|Any CPU.ActiveCfg = Debug|Any CPU
		{8F248C56-8139-4F3E-9BC4-BFB0BD0730FA}.Debug|Any CPU.Build.0 = Debug|Any CPU
		{8F248C56-8139-4F3E-9BC4-BFB0BD0730FA}.Release|Any CPU.ActiveCfg = Release|Any CPU
		{8F248C56-8139-4F3E-9BC4-BFB0BD0730FA}.Release|Any CPU.Build.0 = Release|Any CPU
		{2DC62596-FFD1-4FEA-B9F6-F1C57C16E2CF}.Debug|Any CPU.ActiveCfg = Debug|Any CPU
		{2DC62596-FFD1-4FEA-B9F6-F1C57C16E2CF}.Debug|Any CPU.Build.0 = Debug|Any CPU
		{2DC62596-FFD1-4FEA-B9F6-F1C57C16E2CF}.Release|Any CPU.ActiveCfg = Release|Any CPU
		{2DC62596-FFD1-4FEA-B9F6-F1C57C16E2CF}.Release|Any CPU.Build.0 = Release|Any CPU
		{1210F23E-4CC5-46E6-8D9E-B67ED0B3FEBE}.Debug|Any CPU.ActiveCfg = Debug|Any CPU
		{1210F23E-4CC5-46E6-8D9E-B67ED0B3FEBE}.Debug|Any CPU.Build.0 = Debug|Any CPU
		{1210F23E-4CC5-46E6-8D9E-B67ED0B3FEBE}.Release|Any CPU.ActiveCfg = Release|Any CPU
		{1210F23E-4CC5-46E6-8D9E-B67ED0B3FEBE}.Release|Any CPU.Build.0 = Release|Any CPU
		{68C89C05-BDDF-4E64-AA22-4FB2A63BA68B}.Debug|Any CPU.ActiveCfg = Debug|Any CPU
		{68C89C05-BDDF-4E64-AA22-4FB2A63BA68B}.Debug|Any CPU.Build.0 = Debug|Any CPU
		{68C89C05-BDDF-4E64-AA22-4FB2A63BA68B}.Release|Any CPU.ActiveCfg = Release|Any CPU
		{68C89C05-BDDF-4E64-AA22-4FB2A63BA68B}.Release|Any CPU.Build.0 = Release|Any CPU
		{5B210B3B-39D1-45EB-8E57-E5C8D1987F77}.Debug|Any CPU.ActiveCfg = Debug|Any CPU
		{5B210B3B-39D1-45EB-8E57-E5C8D1987F77}.Debug|Any CPU.Build.0 = Debug|Any CPU
		{5B210B3B-39D1-45EB-8E57-E5C8D1987F77}.Release|Any CPU.ActiveCfg = Release|Any CPU
		{5B210B3B-39D1-45EB-8E57-E5C8D1987F77}.Release|Any CPU.Build.0 = Release|Any CPU
		{7D50C2B8-9F33-41D5-80D4-3D24D93BEE20}.Debug|Any CPU.ActiveCfg = Debug|Any CPU
		{7D50C2B8-9F33-41D5-80D4-3D24D93BEE20}.Debug|Any CPU.Build.0 = Debug|Any CPU
		{7D50C2B8-9F33-41D5-80D4-3D24D93BEE20}.Release|Any CPU.ActiveCfg = Release|Any CPU
		{7D50C2B8-9F33-41D5-80D4-3D24D93BEE20}.Release|Any CPU.Build.0 = Release|Any CPU
		{CCEBCB88-BF54-4749-83B9-F1D7CC035663}.Debug|Any CPU.ActiveCfg = Debug|Any CPU
		{CCEBCB88-BF54-4749-83B9-F1D7CC035663}.Debug|Any CPU.Build.0 = Debug|Any CPU
		{CCEBCB88-BF54-4749-83B9-F1D7CC035663}.Release|Any CPU.ActiveCfg = Release|Any CPU
		{CCEBCB88-BF54-4749-83B9-F1D7CC035663}.Release|Any CPU.Build.0 = Release|Any CPU
	EndGlobalSection
	GlobalSection(SolutionProperties) = preSolution
		HideSolutionNode = FALSE
	EndGlobalSection
	GlobalSection(NestedProjects) = preSolution
		{05B4725F-9B4F-4B28-9241-99559E0FD2F8} = {4A2FFEE8-C48A-42FF-8B0F-EB483255AC11}
		{E09D8B1C-7F56-44F6-9413-DCFDD0B38BBC} = {4A2FFEE8-C48A-42FF-8B0F-EB483255AC11}
		{A6C6B39B-EDA6-4A01-A25F-AEC199E00963} = {4A2FFEE8-C48A-42FF-8B0F-EB483255AC11}
		{0C84B694-1A96-4A09-BDC5-EFD90E761E2F} = {3D6C0823-B5DE-48D3-8FF5-EDB97B7511EB}
		{81F2A4A7-62FB-46F4-A9E6-8785A2F34BDE} = {3D6C0823-B5DE-48D3-8FF5-EDB97B7511EB}
		{188406CC-6B71-47A5-9D91-C2958E2470AC} = {3D6C0823-B5DE-48D3-8FF5-EDB97B7511EB}
		{513B2E54-A0EE-4E46-99A1-EBDA2CD7A102} = {76B86A1C-141A-4CF4-836B-6773ACF9D9D0}
		{CA78BF67-AB75-4C03-8954-A047BF5837E1} = {76B86A1C-141A-4CF4-836B-6773ACF9D9D0}
		{91DCDA7F-8EBA-4B21-A9E4-E419CCAE7952} = {76B86A1C-141A-4CF4-836B-6773ACF9D9D0}
		{8FA08FC2-4CFE-4C25-AD62-E8BD8F269DD9} = {558663F5-672E-4479-ACDF-4E48653C582F}
		{DAB5961C-256D-44E7-AAAC-5BC4A49811F9} = {558663F5-672E-4479-ACDF-4E48653C582F}
		{BFF295C8-F457-4EC1-BE2A-2CDB9FC6F45D} = {558663F5-672E-4479-ACDF-4E48653C582F}
		{5402A79D-432E-4274-A3CB-175B998A6A95} = {9D432E5F-AC36-4C49-B72B-A2E5A38A0269}
		{75BCA837-8493-423E-81F4-54BFCC12711D} = {9D432E5F-AC36-4C49-B72B-A2E5A38A0269}
		{8F248C56-8139-4F3E-9BC4-BFB0BD0730FA} = {9D432E5F-AC36-4C49-B72B-A2E5A38A0269}
		{2DC62596-FFD1-4FEA-B9F6-F1C57C16E2CF} = {80452CF0-ACAA-4EEA-9046-F13FA76B05A1}
		{1210F23E-4CC5-46E6-8D9E-B67ED0B3FEBE} = {80452CF0-ACAA-4EEA-9046-F13FA76B05A1}
		{68C89C05-BDDF-4E64-AA22-4FB2A63BA68B} = {80452CF0-ACAA-4EEA-9046-F13FA76B05A1}
		{5B210B3B-39D1-45EB-8E57-E5C8D1987F77} = {4B28F214-F1D2-43BD-B0F2-247878DD1AB1}
		{7D50C2B8-9F33-41D5-80D4-3D24D93BEE20} = {4B28F214-F1D2-43BD-B0F2-247878DD1AB1}
		{CCEBCB88-BF54-4749-83B9-F1D7CC035663} = {4B28F214-F1D2-43BD-B0F2-247878DD1AB1}
	EndGlobalSection
	GlobalSection(ExtensibilityGlobals) = postSolution
		SolutionGuid = {0168F960-6744-4976-ADDB-580BF158FBD9}
	EndGlobalSection
EndGlobal
